PODS:
  - FLEX (2.1.1)
  - RFAlpha/RFKVOWrapper (0.5.0):
    - RFKit/Runtime (>= 1.7.1)
  - RFAlpha/RFTimer (0.5.0)
  - RFInitializing (1.1.0)
  - RFKit/Category/UIResponder (2.3.0):
    - RFKit/Foundation
  - RFKit/Category/UIView (2.3.0):
    - RFKit/Category/UIResponder
    - RFKit/Foundation
    - RFKit/RFGeometry
  - "RFKit/Category/UIViewController+RFInterfaceOrientation (2.3.0)"
  - RFKit/Foundation (2.3.0)
  - RFKit/RFGeometry (2.3.0):
    - RFKit/Runtime
  - RFKit/Runtime (2.3.0):
    - RFKit/Foundation
  - ZFPlayer (1.0.0):
    - RFAlpha/RFKVOWrapper
    - RFAlpha/RFTimer
    - RFInitializing
    - RFKit/Category/UIView
    - RFKit/Runtime

DEPENDENCIES:
  - FLEX
  - "RFKit/Category/UIViewController+RFInterfaceOrientation"
  - ZFPlayer (from `.`)

SPEC REPOS:
  https://github.com/cocoapods/specs.git:
    - FLEX
    - RFAlpha
    - RFInitializing
    - RFKit

EXTERNAL SOURCES:
  ZFPlayer:
    :path: "."

SPEC CHECKSUMS:
  FLEX: 27b768fcae23a313a1eb115076d429180ca9b472
  RFAlpha: 89439f1138a4212505661d14a24ef4bebd6d6ab9
  RFInitializing: 1ea7f66b2bf97a401a31482c4e2c2c19cdc9d89c
  RFKit: 81d15fe229bb5335055336513aea14d898632cf9
  ZFPlayer: f836ae2064623a00684fa5561b834fc1193dc54a

PODFILE CHECKSUM: f83f6e0e02d3734ab8f6787916d740df2b783340

COCOAPODS: 1.6.1
