// !$*UTF8*$!
{
	archiveVersion = 1;
	classes = {
	};
	objectVersion = 50;
	objects = {

/* Begin PBXBuildFile section */
		4947F79A1BE996AC003093C8 /* Assets.xcassets in Resources */ = {isa = PBXBuildFile; fileRef = 4947F7991BE996AC003093C8 /* Assets.xcassets */; };
		4947F79D1BE996AC003093C8 /* LaunchScreen.storyboard in Resources */ = {isa = PBXBuildFile; fileRef = 4947F79B1BE996AC003093C8 /* LaunchScreen.storyboard */; };
		49F272801BF2330700FCC767 /* Info.plist in Resources */ = {isa = PBXBuildFile; fileRef = 49F2727F1BF2330700FCC767 /* Info.plist */; };
		B1EDA941054EBD2CB192CDC7 /* libPods-ZFPlayer.a in Frameworks */ = {isa = PBXBuildFile; fileRef = 3F79F4B54FAF9EE25007E13D /* libPods-ZFPlayer.a */; };
		CC2CC63E1CA24D4B0028BBDD /* ZFPlayerControlView.xib in Resources */ = {isa = PBXBuildFile; fileRef = CC2CC6371CA24D4B0028BBDD /* ZFPlayerControlView.xib */; };
		CC48ECD71C8863DB009CF0D0 /* Main.storyboard in Resources */ = {isa = PBXBuildFile; fileRef = CC48ECD61C8863DB009CF0D0 /* Main.storyboard */; };
		CC6C7AE51C9BDFE90000AD58 /* MoviePlayerViewController.m in Sources */ = {isa = PBXBuildFile; fileRef = CC6C7AE41C9BDFE90000AD58 /* MoviePlayerViewController.m */; };
		CC725C181C893F8400C3EAF2 /* 150511_JiveBike.mov in Resources */ = {isa = PBXBuildFile; fileRef = CC725C171C893F8400C3EAF2 /* 150511_JiveBike.mov */; };
		CC725C321C894D2D00C3EAF2 /* DMMainViewController.m in Sources */ = {isa = PBXBuildFile; fileRef = CC725C2F1C894D2D00C3EAF2 /* DMMainViewController.m */; };
		D57186F021105BDD00F76FF8 /* ApplicationDelegate.swift in Sources */ = {isa = PBXBuildFile; fileRef = D57186EF21105BDD00F76FF8 /* ApplicationDelegate.swift */; };
		D5AF7D1E1D50BEA90005451A /* DMNavigationViewController.m in Sources */ = {isa = PBXBuildFile; fileRef = D5AF7D1D1D50BEA90005451A /* DMNavigationViewController.m */; };
		D5E9036D1CA6A43D00D7970B /* ZFPlayer.xcassets in Resources */ = {isa = PBXBuildFile; fileRef = D5E9036C1CA6A43D00D7970B /* ZFPlayer.xcassets */; };
/* End PBXBuildFile section */

/* Begin PBXFileReference section */
		0227C3210F5890896BC8644E /* Pods-ZFPlayer.release.xcconfig */ = {isa = PBXFileReference; includeInIndex = 1; lastKnownFileType = text.xcconfig; name = "Pods-ZFPlayer.release.xcconfig"; path = "Pods/Target Support Files/Pods-ZFPlayer/Pods-ZFPlayer.release.xcconfig"; sourceTree = "<group>"; };
		3F79F4B54FAF9EE25007E13D /* libPods-ZFPlayer.a */ = {isa = PBXFileReference; explicitFileType = archive.ar; includeInIndex = 0; path = "libPods-ZFPlayer.a"; sourceTree = BUILT_PRODUCTS_DIR; };
		486D6738A00825A942C5EBFB /* Pods-ZFPlayer.debug.xcconfig */ = {isa = PBXFileReference; includeInIndex = 1; lastKnownFileType = text.xcconfig; name = "Pods-ZFPlayer.debug.xcconfig"; path = "Pods/Target Support Files/Pods-ZFPlayer/Pods-ZFPlayer.debug.xcconfig"; sourceTree = "<group>"; };
		4947F78A1BE996AC003093C8 /* ZFPlayer.app */ = {isa = PBXFileReference; explicitFileType = wrapper.application; includeInIndex = 0; path = ZFPlayer.app; sourceTree = BUILT_PRODUCTS_DIR; };
		4947F7991BE996AC003093C8 /* Assets.xcassets */ = {isa = PBXFileReference; lastKnownFileType = folder.assetcatalog; path = Assets.xcassets; sourceTree = "<group>"; };
		4947F79C1BE996AC003093C8 /* Base */ = {isa = PBXFileReference; lastKnownFileType = file.storyboard; name = Base; path = Base.lproj/LaunchScreen.storyboard; sourceTree = "<group>"; };
		49F2727F1BF2330700FCC767 /* Info.plist */ = {isa = PBXFileReference; fileEncoding = 4; lastKnownFileType = text.plist.xml; path = Info.plist; sourceTree = "<group>"; };
		CC2CC6371CA24D4B0028BBDD /* ZFPlayerControlView.xib */ = {isa = PBXFileReference; fileEncoding = 4; lastKnownFileType = file.xib; path = ZFPlayerControlView.xib; sourceTree = "<group>"; };
		CC48ECD61C8863DB009CF0D0 /* Main.storyboard */ = {isa = PBXFileReference; fileEncoding = 4; lastKnownFileType = file.storyboard; path = Main.storyboard; sourceTree = "<group>"; };
		CC6C7AE31C9BDFE90000AD58 /* MoviePlayerViewController.h */ = {isa = PBXFileReference; fileEncoding = 4; lastKnownFileType = sourcecode.c.h; path = MoviePlayerViewController.h; sourceTree = "<group>"; };
		CC6C7AE41C9BDFE90000AD58 /* MoviePlayerViewController.m */ = {isa = PBXFileReference; fileEncoding = 4; lastKnownFileType = sourcecode.c.objc; path = MoviePlayerViewController.m; sourceTree = "<group>"; };
		CC725C171C893F8400C3EAF2 /* 150511_JiveBike.mov */ = {isa = PBXFileReference; lastKnownFileType = video.quicktime; path = 150511_JiveBike.mov; sourceTree = "<group>"; };
		CC725C2E1C894D2D00C3EAF2 /* DMMainViewController.h */ = {isa = PBXFileReference; fileEncoding = 4; lastKnownFileType = sourcecode.c.h; path = DMMainViewController.h; sourceTree = "<group>"; };
		CC725C2F1C894D2D00C3EAF2 /* DMMainViewController.m */ = {isa = PBXFileReference; fileEncoding = 4; lastKnownFileType = sourcecode.c.objc; path = DMMainViewController.m; sourceTree = "<group>"; };
		D57186EE21105BDD00F76FF8 /* Bridging-Header.h */ = {isa = PBXFileReference; lastKnownFileType = sourcecode.c.h; path = "Bridging-Header.h"; sourceTree = "<group>"; };
		D57186EF21105BDD00F76FF8 /* ApplicationDelegate.swift */ = {isa = PBXFileReference; lastKnownFileType = sourcecode.swift; path = ApplicationDelegate.swift; sourceTree = "<group>"; };
		D5AF7D1C1D50BEA90005451A /* DMNavigationViewController.h */ = {isa = PBXFileReference; fileEncoding = 4; lastKnownFileType = sourcecode.c.h; path = DMNavigationViewController.h; sourceTree = "<group>"; };
		D5AF7D1D1D50BEA90005451A /* DMNavigationViewController.m */ = {isa = PBXFileReference; fileEncoding = 4; lastKnownFileType = sourcecode.c.objc; path = DMNavigationViewController.m; sourceTree = "<group>"; };
		D5E9036C1CA6A43D00D7970B /* ZFPlayer.xcassets */ = {isa = PBXFileReference; lastKnownFileType = folder.assetcatalog; path = ZFPlayer.xcassets; sourceTree = "<group>"; };
/* End PBXFileReference section */

/* Begin PBXFrameworksBuildPhase section */
		4947F7871BE996AC003093C8 /* Frameworks */ = {
			isa = PBXFrameworksBuildPhase;
			buildActionMask = 2147483647;
			files = (
				B1EDA941054EBD2CB192CDC7 /* libPods-ZFPlayer.a in Frameworks */,
			);
			runOnlyForDeploymentPostprocessing = 0;
		};
/* End PBXFrameworksBuildPhase section */

/* Begin PBXGroup section */
		3FBB6D56BC590B29B7AC91ED /* Pods */ = {
			isa = PBXGroup;
			children = (
				486D6738A00825A942C5EBFB /* Pods-ZFPlayer.debug.xcconfig */,
				0227C3210F5890896BC8644E /* Pods-ZFPlayer.release.xcconfig */,
			);
			name = Pods;
			sourceTree = "<group>";
		};
		4947F7811BE996AC003093C8 = {
			isa = PBXGroup;
			children = (
				4947F78C1BE996AC003093C8 /* Demo */,
				77BAA74D466CF5B1952CD7B0 /* Frameworks */,
				3FBB6D56BC590B29B7AC91ED /* Pods */,
				4947F78B1BE996AC003093C8 /* Products */,
			);
			sourceTree = "<group>";
		};
		4947F78B1BE996AC003093C8 /* Products */ = {
			isa = PBXGroup;
			children = (
				4947F78A1BE996AC003093C8 /* ZFPlayer.app */,
			);
			name = Products;
			sourceTree = "<group>";
		};
		4947F78C1BE996AC003093C8 /* Demo */ = {
			isa = PBXGroup;
			children = (
				CC6C7AE21C9BDFBA0000AD58 /* PlayerViewController */,
				D57186F221106F7900F76FF8 /* Resource */,
				D57186EF21105BDD00F76FF8 /* ApplicationDelegate.swift */,
				4947F7991BE996AC003093C8 /* Assets.xcassets */,
				D57186EE21105BDD00F76FF8 /* Bridging-Header.h */,
				CC725C2E1C894D2D00C3EAF2 /* DMMainViewController.h */,
				CC725C2F1C894D2D00C3EAF2 /* DMMainViewController.m */,
				D5AF7D1C1D50BEA90005451A /* DMNavigationViewController.h */,
				D5AF7D1D1D50BEA90005451A /* DMNavigationViewController.m */,
				49F2727F1BF2330700FCC767 /* Info.plist */,
				4947F79B1BE996AC003093C8 /* LaunchScreen.storyboard */,
				CC48ECD61C8863DB009CF0D0 /* Main.storyboard */,
			);
			path = Demo;
			sourceTree = SOURCE_ROOT;
		};
		77BAA74D466CF5B1952CD7B0 /* Frameworks */ = {
			isa = PBXGroup;
			children = (
				3F79F4B54FAF9EE25007E13D /* libPods-ZFPlayer.a */,
			);
			name = Frameworks;
			sourceTree = "<group>";
		};
		CC6C7AE21C9BDFBA0000AD58 /* PlayerViewController */ = {
			isa = PBXGroup;
			children = (
				CC6C7AE31C9BDFE90000AD58 /* MoviePlayerViewController.h */,
				CC6C7AE41C9BDFE90000AD58 /* MoviePlayerViewController.m */,
			);
			path = PlayerViewController;
			sourceTree = "<group>";
		};
		D57186F221106F7900F76FF8 /* Resource */ = {
			isa = PBXGroup;
			children = (
				D5E9036C1CA6A43D00D7970B /* ZFPlayer.xcassets */,
				CC2CC6371CA24D4B0028BBDD /* ZFPlayerControlView.xib */,
				CC725C171C893F8400C3EAF2 /* 150511_JiveBike.mov */,
			);
			path = Resource;
			sourceTree = "<group>";
		};
/* End PBXGroup section */

/* Begin PBXNativeTarget section */
		4947F7891BE996AC003093C8 /* ZFPlayer */ = {
			isa = PBXNativeTarget;
			buildConfigurationList = 4947F7B71BE996AC003093C8 /* Build configuration list for PBXNativeTarget "ZFPlayer" */;
			buildPhases = (
				A574B553492808CE83219502 /* [CP] Check Pods Manifest.lock */,
				4947F7861BE996AC003093C8 /* Sources */,
				4947F7871BE996AC003093C8 /* Frameworks */,
				4947F7881BE996AC003093C8 /* Resources */,
			);
			buildRules = (
			);
			dependencies = (
			);
			name = ZFPlayer;
			productName = Player;
			productReference = 4947F78A1BE996AC003093C8 /* ZFPlayer.app */;
			productType = "com.apple.product-type.application";
		};
/* End PBXNativeTarget section */

/* Begin PBXProject section */
		4947F7821BE996AC003093C8 /* Project object */ = {
			isa = PBXProject;
			attributes = {
				CLASSPREFIX = ZF;
				LastUpgradeCheck = 0700;
				ORGANIZATIONNAME = RFUI;
				TargetAttributes = {
					4947F7891BE996AC003093C8 = {
						CreatedOnToolsVersion = 7.0;
						LastSwiftMigration = 0940;
						ProvisioningStyle = Automatic;
					};
				};
			};
			buildConfigurationList = 4947F7851BE996AC003093C8 /* Build configuration list for PBXProject "ZFPlayer" */;
			compatibilityVersion = "Xcode 9.3";
			developmentRegion = English;
			hasScannedForEncodings = 0;
			knownRegions = (
				en,
				Base,
			);
			mainGroup = 4947F7811BE996AC003093C8;
			productRefGroup = 4947F78B1BE996AC003093C8 /* Products */;
			projectDirPath = "";
			projectRoot = "";
			targets = (
				4947F7891BE996AC003093C8 /* ZFPlayer */,
			);
		};
/* End PBXProject section */

/* Begin PBXResourcesBuildPhase section */
		4947F7881BE996AC003093C8 /* Resources */ = {
			isa = PBXResourcesBuildPhase;
			buildActionMask = 2147483647;
			files = (
				CC725C181C893F8400C3EAF2 /* 150511_JiveBike.mov in Resources */,
				4947F79A1BE996AC003093C8 /* Assets.xcassets in Resources */,
				49F272801BF2330700FCC767 /* Info.plist in Resources */,
				4947F79D1BE996AC003093C8 /* LaunchScreen.storyboard in Resources */,
				CC48ECD71C8863DB009CF0D0 /* Main.storyboard in Resources */,
				D5E9036D1CA6A43D00D7970B /* ZFPlayer.xcassets in Resources */,
				CC2CC63E1CA24D4B0028BBDD /* ZFPlayerControlView.xib in Resources */,
			);
			runOnlyForDeploymentPostprocessing = 0;
		};
/* End PBXResourcesBuildPhase section */

/* Begin PBXShellScriptBuildPhase section */
		A574B553492808CE83219502 /* [CP] Check Pods Manifest.lock */ = {
			isa = PBXShellScriptBuildPhase;
			buildActionMask = 2147483647;
			files = (
			);
			inputPaths = (
				"${PODS_PODFILE_DIR_PATH}/Podfile.lock",
				"${PODS_ROOT}/Manifest.lock",
			);
			name = "[CP] Check Pods Manifest.lock";
			outputPaths = (
				"$(DERIVED_FILE_DIR)/Pods-ZFPlayer-checkManifestLockResult.txt",
			);
			runOnlyForDeploymentPostprocessing = 0;
			shellPath = /bin/sh;
			shellScript = "diff \"${PODS_PODFILE_DIR_PATH}/Podfile.lock\" \"${PODS_ROOT}/Manifest.lock\" > /dev/null\nif [ $? != 0 ] ; then\n    # print error to STDERR\n    echo \"error: The sandbox is not in sync with the Podfile.lock. Run 'pod install' or update your CocoaPods installation.\" >&2\n    exit 1\nfi\n# This output is used by Xcode 'outputs' to avoid re-running this script phase.\necho \"SUCCESS\" > \"${SCRIPT_OUTPUT_FILE_0}\"\n";
			showEnvVarsInLog = 0;
		};
/* End PBXShellScriptBuildPhase section */

/* Begin PBXSourcesBuildPhase section */
		4947F7861BE996AC003093C8 /* Sources */ = {
			isa = PBXSourcesBuildPhase;
			buildActionMask = 2147483647;
			files = (
				D57186F021105BDD00F76FF8 /* ApplicationDelegate.swift in Sources */,
				CC725C321C894D2D00C3EAF2 /* DMMainViewController.m in Sources */,
				D5AF7D1E1D50BEA90005451A /* DMNavigationViewController.m in Sources */,
				CC6C7AE51C9BDFE90000AD58 /* MoviePlayerViewController.m in Sources */,
			);
			runOnlyForDeploymentPostprocessing = 0;
		};
/* End PBXSourcesBuildPhase section */

/* Begin PBXVariantGroup section */
		4947F79B1BE996AC003093C8 /* LaunchScreen.storyboard */ = {
			isa = PBXVariantGroup;
			children = (
				4947F79C1BE996AC003093C8 /* Base */,
			);
			name = LaunchScreen.storyboard;
			sourceTree = "<group>";
		};
/* End PBXVariantGroup section */

/* Begin XCBuildConfiguration section */
		4947F7B51BE996AC003093C8 /* Debug */ = {
			isa = XCBuildConfiguration;
			buildSettings = {
				ALWAYS_SEARCH_USER_PATHS = NO;
				CLANG_CXX_LANGUAGE_STANDARD = "gnu++0x";
				CLANG_CXX_LIBRARY = "libc++";
				CLANG_ENABLE_MODULES = YES;
				CLANG_ENABLE_OBJC_ARC = YES;
				CLANG_WARN_BOOL_CONVERSION = YES;
				CLANG_WARN_CONSTANT_CONVERSION = YES;
				CLANG_WARN_DIRECT_OBJC_ISA_USAGE = YES_ERROR;
				CLANG_WARN_EMPTY_BODY = YES;
				CLANG_WARN_ENUM_CONVERSION = YES;
				CLANG_WARN_INT_CONVERSION = YES;
				CLANG_WARN_OBJC_ROOT_CLASS = YES_ERROR;
				CLANG_WARN_UNREACHABLE_CODE = YES;
				CLANG_WARN__DUPLICATE_METHOD_MATCH = YES;
				"CODE_SIGN_IDENTITY[sdk=iphoneos*]" = "iPhone Developer";
				COPY_PHASE_STRIP = NO;
				DEBUG_INFORMATION_FORMAT = dwarf;
				ENABLE_STRICT_OBJC_MSGSEND = YES;
				ENABLE_TESTABILITY = YES;
				GCC_C_LANGUAGE_STANDARD = gnu99;
				GCC_DYNAMIC_NO_PIC = NO;
				GCC_NO_COMMON_BLOCKS = YES;
				GCC_OPTIMIZATION_LEVEL = 0;
				GCC_PREPROCESSOR_DEFINITIONS = (
					"DEBUG=1",
					"$(inherited)",
				);
				GCC_WARN_64_TO_32_BIT_CONVERSION = YES;
				GCC_WARN_ABOUT_RETURN_TYPE = YES_ERROR;
				GCC_WARN_UNDECLARED_SELECTOR = YES;
				GCC_WARN_UNINITIALIZED_AUTOS = YES_AGGRESSIVE;
				GCC_WARN_UNUSED_FUNCTION = YES;
				GCC_WARN_UNUSED_VARIABLE = YES;
				IPHONEOS_DEPLOYMENT_TARGET = 7.0;
				MTL_ENABLE_DEBUG_INFO = YES;
				ONLY_ACTIVE_ARCH = YES;
				SDKROOT = iphoneos;
			};
			name = Debug;
		};
		4947F7B61BE996AC003093C8 /* Release */ = {
			isa = XCBuildConfiguration;
			buildSettings = {
				ALWAYS_SEARCH_USER_PATHS = NO;
				CLANG_CXX_LANGUAGE_STANDARD = "gnu++0x";
				CLANG_CXX_LIBRARY = "libc++";
				CLANG_ENABLE_MODULES = YES;
				CLANG_ENABLE_OBJC_ARC = YES;
				CLANG_WARN_BOOL_CONVERSION = YES;
				CLANG_WARN_CONSTANT_CONVERSION = YES;
				CLANG_WARN_DIRECT_OBJC_ISA_USAGE = YES_ERROR;
				CLANG_WARN_EMPTY_BODY = YES;
				CLANG_WARN_ENUM_CONVERSION = YES;
				CLANG_WARN_INT_CONVERSION = YES;
				CLANG_WARN_OBJC_ROOT_CLASS = YES_ERROR;
				CLANG_WARN_UNREACHABLE_CODE = YES;
				CLANG_WARN__DUPLICATE_METHOD_MATCH = YES;
				"CODE_SIGN_IDENTITY[sdk=iphoneos*]" = "iPhone Developer";
				COPY_PHASE_STRIP = NO;
				DEBUG_INFORMATION_FORMAT = "dwarf-with-dsym";
				ENABLE_NS_ASSERTIONS = NO;
				ENABLE_STRICT_OBJC_MSGSEND = YES;
				GCC_C_LANGUAGE_STANDARD = gnu99;
				GCC_NO_COMMON_BLOCKS = YES;
				GCC_WARN_64_TO_32_BIT_CONVERSION = YES;
				GCC_WARN_ABOUT_RETURN_TYPE = YES_ERROR;
				GCC_WARN_UNDECLARED_SELECTOR = YES;
				GCC_WARN_UNINITIALIZED_AUTOS = YES_AGGRESSIVE;
				GCC_WARN_UNUSED_FUNCTION = YES;
				GCC_WARN_UNUSED_VARIABLE = YES;
				IPHONEOS_DEPLOYMENT_TARGET = 7.0;
				MTL_ENABLE_DEBUG_INFO = NO;
				SDKROOT = iphoneos;
				VALIDATE_PRODUCT = YES;
			};
			name = Release;
		};
		4947F7B81BE996AC003093C8 /* Debug */ = {
			isa = XCBuildConfiguration;
			baseConfigurationReference = 486D6738A00825A942C5EBFB /* Pods-ZFPlayer.debug.xcconfig */;
			buildSettings = {
				ASSETCATALOG_COMPILER_APPICON_NAME = AppIcon;
				CLANG_ENABLE_MODULES = YES;
				CODE_SIGN_IDENTITY = "iPhone Developer";
				"CODE_SIGN_IDENTITY[sdk=iphoneos*]" = "iPhone Developer";
				DEVELOPMENT_TEAM = Y85RFN6NXZ;
				GCC_PREPROCESSOR_DEFINITIONS = (
					"$(inherited)",
					"COCOAPODS=1",
					"RFDebugLevel=5",
				);
				INFOPLIST_FILE = Demo/Info.plist;
				IPHONEOS_DEPLOYMENT_TARGET = 7.0;
				LD_RUNPATH_SEARCH_PATHS = (
					"$(inherited)",
					"@executable_path/Frameworks",
				);
				PRODUCT_BUNDLE_IDENTIFIER = com.github.bb9z.zfplayer.demo;
				PRODUCT_NAME = ZFPlayer;
				PROVISIONING_PROFILE = "";
				SWIFT_OBJC_BRIDGING_HEADER = "Demo/Bridging-Header.h";
				SWIFT_OPTIMIZATION_LEVEL = "-Onone";
				SWIFT_VERSION = 3.0;
			};
			name = Debug;
		};
		4947F7B91BE996AC003093C8 /* Release */ = {
			isa = XCBuildConfiguration;
			baseConfigurationReference = 0227C3210F5890896BC8644E /* Pods-ZFPlayer.release.xcconfig */;
			buildSettings = {
				ASSETCATALOG_COMPILER_APPICON_NAME = AppIcon;
				CLANG_ENABLE_MODULES = YES;
				CODE_SIGN_IDENTITY = "iPhone Developer";
				"CODE_SIGN_IDENTITY[sdk=iphoneos*]" = "iPhone Developer";
				DEVELOPMENT_TEAM = Y85RFN6NXZ;
				INFOPLIST_FILE = Demo/Info.plist;
				IPHONEOS_DEPLOYMENT_TARGET = 7.0;
				LD_RUNPATH_SEARCH_PATHS = (
					"$(inherited)",
					"@executable_path/Frameworks",
				);
				PRODUCT_BUNDLE_IDENTIFIER = com.github.bb9z.zfplayer.demo;
				PRODUCT_NAME = ZFPlayer;
				PROVISIONING_PROFILE = "";
				SWIFT_OBJC_BRIDGING_HEADER = "Demo/Bridging-Header.h";
				SWIFT_VERSION = 3.0;
			};
			name = Release;
		};
/* End XCBuildConfiguration section */

/* Begin XCConfigurationList section */
		4947F7851BE996AC003093C8 /* Build configuration list for PBXProject "ZFPlayer" */ = {
			isa = XCConfigurationList;
			buildConfigurations = (
				4947F7B51BE996AC003093C8 /* Debug */,
				4947F7B61BE996AC003093C8 /* Release */,
			);
			defaultConfigurationIsVisible = 0;
			defaultConfigurationName = Release;
		};
		4947F7B71BE996AC003093C8 /* Build configuration list for PBXNativeTarget "ZFPlayer" */ = {
			isa = XCConfigurationList;
			buildConfigurations = (
				4947F7B81BE996AC003093C8 /* Debug */,
				4947F7B91BE996AC003093C8 /* Release */,
			);
			defaultConfigurationIsVisible = 0;
			defaultConfigurationName = Release;
		};
/* End XCConfigurationList section */
	};
	rootObject = 4947F7821BE996AC003093C8 /* Project object */;
}
